// !$*UTF8*$!
{
	archiveVersion = 1;
	classes = {
	};
	objectVersion = 56;
	objects = {

/* Begin PBXBuildFile section */
		04A5C2E62940C3FF0045664D /* AppDelegate.swift in Sources */ = {isa = PBXBuildFile; fileRef = 04A5C2E52940C3FF0045664D /* AppDelegate.swift */; };
		04A5C2E82940C3FF0045664D /* SceneDelegate.swift in Sources */ = {isa = PBXBuildFile; fileRef = 04A5C2E72940C3FF0045664D /* SceneDelegate.swift */; };
		04A5C2EA2940C3FF0045664D /* LoginViewController.swift in Sources */ = {isa = PBXBuildFile; fileRef = 04A5C2E92940C3FF0045664D /* LoginViewController.swift */; };
		04A5C2EF2940C4020045664D /* Assets.xcassets in Resources */ = {isa = PBXBuildFile; fileRef = 04A5C2EE2940C4020045664D /* Assets.xcassets */; };
		04A5C2F22940C4020045664D /* LaunchScreen.storyboard in Resources */ = {isa = PBXBuildFile; fileRef = 04A5C2F02940C4020045664D /* LaunchScreen.storyboard */; };
		04A5C308294123340045664D /* UIView+Anchor.swift in Sources */ = {isa = PBXBuildFile; fileRef = 04A5C307294123340045664D /* UIView+Anchor.swift */; };
		04FC02872944F7510055C0F8 /* UITextField+textfieldWithPlaceholder.swift in Sources */ = {isa = PBXBuildFile; fileRef = 04FC02862944F7510055C0F8 /* UITextField+textfieldWithPlaceholder.swift */; };
		04FC02892944FA7A0055C0F8 /* UIView+InputContainerView.swift in Sources */ = {isa = PBXBuildFile; fileRef = 04FC02882944FA7A0055C0F8 /* UIView+InputContainerView.swift */; };
		04FC028B2945C8330055C0F8 /* UIColor+MovrColors.swift in Sources */ = {isa = PBXBuildFile; fileRef = 04FC028A2945C8330055C0F8 /* UIColor+MovrColors.swift */; };
/* End PBXBuildFile section */

/* Begin PBXFileReference section */
		04A5C2E22940C3FF0045664D /* Movr.app */ = {isa = PBXFileReference; explicitFileType = wrapper.application; includeInIndex = 0; path = Movr.app; sourceTree = BUILT_PRODUCTS_DIR; };
		04A5C2E52940C3FF0045664D /* AppDelegate.swift */ = {isa = PBXFileReference; lastKnownFileType = sourcecode.swift; path = AppDelegate.swift; sourceTree = "<group>"; };
		04A5C2E72940C3FF0045664D /* SceneDelegate.swift */ = {isa = PBXFileReference; lastKnownFileType = sourcecode.swift; path = SceneDelegate.swift; sourceTree = "<group>"; };
		04A5C2E92940C3FF0045664D /* LoginViewController.swift */ = {isa = PBXFileReference; lastKnownFileType = sourcecode.swift; path = LoginViewController.swift; sourceTree = "<group>"; };
		04A5C2EE2940C4020045664D /* Assets.xcassets */ = {isa = PBXFileReference; lastKnownFileType = folder.assetcatalog; path = Assets.xcassets; sourceTree = "<group>"; };
		04A5C2F12940C4020045664D /* Base */ = {isa = PBXFileReference; lastKnownFileType = file.storyboard; name = Base; path = Base.lproj/LaunchScreen.storyboard; sourceTree = "<group>"; };
		04A5C2F32940C4020045664D /* Info.plist */ = {isa = PBXFileReference; lastKnownFileType = text.plist.xml; path = Info.plist; sourceTree = "<group>"; };
		04A5C307294123340045664D /* UIView+Anchor.swift */ = {isa = PBXFileReference; lastKnownFileType = sourcecode.swift; path = "UIView+Anchor.swift"; sourceTree = "<group>"; };
		04FC02862944F7510055C0F8 /* UITextField+textfieldWithPlaceholder.swift */ = {isa = PBXFileReference; lastKnownFileType = sourcecode.swift; path = "UITextField+textfieldWithPlaceholder.swift"; sourceTree = "<group>"; };
		04FC02882944FA7A0055C0F8 /* UIView+InputContainerView.swift */ = {isa = PBXFileReference; lastKnownFileType = sourcecode.swift; path = "UIView+InputContainerView.swift"; sourceTree = "<group>"; };
		04FC028A2945C8330055C0F8 /* UIColor+MovrColors.swift */ = {isa = PBXFileReference; lastKnownFileType = sourcecode.swift; path = "UIColor+MovrColors.swift"; sourceTree = "<group>"; };
/* End PBXFileReference section */

/* Begin PBXFrameworksBuildPhase section */
		04A5C2DF2940C3FF0045664D /* Frameworks */ = {
			isa = PBXFrameworksBuildPhase;
			buildActionMask = 2147483647;
			files = (
			);
			runOnlyForDeploymentPostprocessing = 0;
		};
/* End PBXFrameworksBuildPhase section */

/* Begin PBXGroup section */
		04A5C2D92940C3FF0045664D = {
			isa = PBXGroup;
			children = (
				04A5C2E42940C3FF0045664D /* Movr */,
				04A5C2E32940C3FF0045664D /* Products */,
			);
			sourceTree = "<group>";
		};
		04A5C2E32940C3FF0045664D /* Products */ = {
			isa = PBXGroup;
			children = (
				04A5C2E22940C3FF0045664D /* Movr.app */,
			);
			name = Products;
			sourceTree = "<group>";
		};
		04A5C2E42940C3FF0045664D /* Movr */ = {
			isa = PBXGroup;
			children = (
				04A5C2F32940C4020045664D /* Info.plist */,
				04A5C2FF294121E80045664D /* Screens */,
				04A5C300294121F10045664D /* Application Delegates */,
				04A5C305294122A70045664D /* Resources */,
				04A5C2FC294121D80045664D /* UIKit Extensions */,
				04A5C2FE294121E70045664D /* Utils */,
			);
			path = Movr;
			sourceTree = "<group>";
		};
		04A5C2FC294121D80045664D /* UIKit Extensions */ = {
			isa = PBXGroup;
			children = (
				04A5C307294123340045664D /* UIView+Anchor.swift */,
				04FC02862944F7510055C0F8 /* UITextField+textfieldWithPlaceholder.swift */,
				04FC02882944FA7A0055C0F8 /* UIView+InputContainerView.swift */,
				04FC028A2945C8330055C0F8 /* UIColor+MovrColors.swift */,
			);
			path = "UIKit Extensions";
			sourceTree = "<group>";
		};
		04A5C2FE294121E70045664D /* Utils */ = {
			isa = PBXGroup;
			children = (
			);
			path = Utils;
			sourceTree = "<group>";
		};
		04A5C2FF294121E80045664D /* Screens */ = {
			isa = PBXGroup;
			children = (
				04A5C306294122D20045664D /* Launch */,
				04A5C3012941224B0045664D /* Login */,
			);
			name = Screens;
			path = "New Group1/Screens";
			sourceTree = "<group>";
		};
		04A5C300294121F10045664D /* Application Delegates */ = {
			isa = PBXGroup;
			children = (
				04A5C2E52940C3FF0045664D /* AppDelegate.swift */,
				04A5C2E72940C3FF0045664D /* SceneDelegate.swift */,
			);
			path = "Application Delegates";
			sourceTree = "<group>";
		};
		04A5C3012941224B0045664D /* Login */ = {
			isa = PBXGroup;
			children = (
				04A5C3042941226F0045664D /* Controller */,
				04A5C303294122620045664D /* Model */,
				04A5C302294122590045664D /* View */,
			);
			path = Login;
			sourceTree = "<group>";
		};
		04A5C302294122590045664D /* View */ = {
			isa = PBXGroup;
			children = (
			);
			path = View;
			sourceTree = "<group>";
		};
		04A5C303294122620045664D /* Model */ = {
			isa = PBXGroup;
			children = (
			);
			path = Model;
			sourceTree = "<group>";
		};
		04A5C3042941226F0045664D /* Controller */ = {
			isa = PBXGroup;
			children = (
				04A5C2E92940C3FF0045664D /* LoginViewController.swift */,
			);
			path = Controller;
			sourceTree = "<group>";
		};
		04A5C305294122A70045664D /* Resources */ = {
			isa = PBXGroup;
			children = (
				04A5C2EE2940C4020045664D /* Assets.xcassets */,
			);
			path = Resources;
			sourceTree = "<group>";
		};
		04A5C306294122D20045664D /* Launch */ = {
			isa = PBXGroup;
			children = (
				04A5C2F02940C4020045664D /* LaunchScreen.storyboard */,
			);
			path = Launch;
			sourceTree = "<group>";
		};
/* End PBXGroup section */

/* Begin PBXNativeTarget section */
		04A5C2E12940C3FF0045664D /* Movr */ = {
			isa = PBXNativeTarget;
			buildConfigurationList = 04A5C2F62940C4020045664D /* Build configuration list for PBXNativeTarget "Movr" */;
			buildPhases = (
				04A5C2DE2940C3FF0045664D /* Sources */,
				04A5C2DF2940C3FF0045664D /* Frameworks */,
				04A5C2E02940C3FF0045664D /* Resources */,
			);
			buildRules = (
			);
			dependencies = (
			);
			name = Movr;
			productName = Movr;
			productReference = 04A5C2E22940C3FF0045664D /* Movr.app */;
			productType = "com.apple.product-type.application";
		};
/* End PBXNativeTarget section */

/* Begin PBXProject section */
		04A5C2DA2940C3FF0045664D /* Project object */ = {
			isa = PBXProject;
			attributes = {
				BuildIndependentTargetsInParallel = 1;
				LastSwiftUpdateCheck = 1410;
				LastUpgradeCheck = 1410;
				TargetAttributes = {
					04A5C2E12940C3FF0045664D = {
						CreatedOnToolsVersion = 14.1;
					};
				};
			};
			buildConfigurationList = 04A5C2DD2940C3FF0045664D /* Build configuration list for PBXProject "Movr" */;
			compatibilityVersion = "Xcode 14.0";
			developmentRegion = en;
			hasScannedForEncodings = 0;
			knownRegions = (
				en,
				Base,
			);
			mainGroup = 04A5C2D92940C3FF0045664D;
			productRefGroup = 04A5C2E32940C3FF0045664D /* Products */;
			projectDirPath = "";
			projectRoot = "";
			targets = (
				04A5C2E12940C3FF0045664D /* Movr */,
			);
		};
/* End PBXProject section */

/* Begin PBXResourcesBuildPhase section */
		04A5C2E02940C3FF0045664D /* Resources */ = {
			isa = PBXResourcesBuildPhase;
			buildActionMask = 2147483647;
			files = (
				04A5C2F22940C4020045664D /* LaunchScreen.storyboard in Resources */,
				04A5C2EF2940C4020045664D /* Assets.xcassets in Resources */,
			);
			runOnlyForDeploymentPostprocessing = 0;
		};
/* End PBXResourcesBuildPhase section */

/* Begin PBXSourcesBuildPhase section */
		04A5C2DE2940C3FF0045664D /* Sources */ = {
			isa = PBXSourcesBuildPhase;
			buildActionMask = 2147483647;
			files = (
				04A5C2EA2940C3FF0045664D /* LoginViewController.swift in Sources */,
				04FC028B2945C8330055C0F8 /* UIColor+MovrColors.swift in Sources */,
				04A5C308294123340045664D /* UIView+Anchor.swift in Sources */,
				04A5C2E62940C3FF0045664D /* AppDelegate.swift in Sources */,
				04A5C2E82940C3FF0045664D /* SceneDelegate.swift in Sources */,
				04FC02892944FA7A0055C0F8 /* UIView+InputContainerView.swift in Sources */,
				04FC02872944F7510055C0F8 /* UITextField+textfieldWithPlaceholder.swift in Sources */,
			);
			runOnlyForDeploymentPostprocessing = 0;
		};
/* End PBXSourcesBuildPhase section */

/* Begin PBXVariantGroup section */
		04A5C2F02940C4020045664D /* LaunchScreen.storyboard */ = {
			isa = PBXVariantGroup;
			children = (
				04A5C2F12940C4020045664D /* Base */,
			);
			name = LaunchScreen.storyboard;
			sourceTree = "<group>";
		};
/* End PBXVariantGroup section */

/* Begin XCBuildConfiguration section */
		04A5C2F42940C4020045664D /* Debug */ = {
			isa = XCBuildConfiguration;
			buildSettings = {
				ALWAYS_SEARCH_USER_PATHS = NO;
				CLANG_ANALYZER_NONNULL = YES;
				CLANG_ANALYZER_NUMBER_OBJECT_CONVERSION = YES_AGGRESSIVE;
				CLANG_CXX_LANGUAGE_STANDARD = "gnu++20";
				CLANG_ENABLE_MODULES = YES;
				CLANG_ENABLE_OBJC_ARC = YES;
				CLANG_ENABLE_OBJC_WEAK = YES;
				CLANG_WARN_BLOCK_CAPTURE_AUTORELEASING = YES;
				CLANG_WARN_BOOL_CONVERSION = YES;
				CLANG_WARN_COMMA = YES;
				CLANG_WARN_CONSTANT_CONVERSION = YES;
				CLANG_WARN_DEPRECATED_OBJC_IMPLEMENTATIONS = YES;
				CLANG_WARN_DIRECT_OBJC_ISA_USAGE = YES_ERROR;
				CLANG_WARN_DOCUMENTATION_COMMENTS = YES;
				CLANG_WARN_EMPTY_BODY = YES;
				CLANG_WARN_ENUM_CONVERSION = YES;
				CLANG_WARN_INFINITE_RECURSION = YES;
				CLANG_WARN_INT_CONVERSION = YES;
				CLANG_WARN_NON_LITERAL_NULL_CONVERSION = YES;
				CLANG_WARN_OBJC_IMPLICIT_RETAIN_SELF = YES;
				CLANG_WARN_OBJC_LITERAL_CONVERSION = YES;
				CLANG_WARN_OBJC_ROOT_CLASS = YES_ERROR;
				CLANG_WARN_QUOTED_INCLUDE_IN_FRAMEWORK_HEADER = YES;
				CLANG_WARN_RANGE_LOOP_ANALYSIS = YES;
				CLANG_WARN_STRICT_PROTOTYPES = YES;
				CLANG_WARN_SUSPICIOUS_MOVE = YES;
				CLANG_WARN_UNGUARDED_AVAILABILITY = YES_AGGRESSIVE;
				CLANG_WARN_UNREACHABLE_CODE = YES;
				CLANG_WARN__DUPLICATE_METHOD_MATCH = YES;
				COPY_PHASE_STRIP = NO;
				DEBUG_INFORMATION_FORMAT = dwarf;
				ENABLE_STRICT_OBJC_MSGSEND = YES;
				ENABLE_TESTABILITY = YES;
				GCC_C_LANGUAGE_STANDARD = gnu11;
				GCC_DYNAMIC_NO_PIC = NO;
				GCC_NO_COMMON_BLOCKS = YES;
				GCC_OPTIMIZATION_LEVEL = 0;
				GCC_PREPROCESSOR_DEFINITIONS = (
					"DEBUG=1",
					"$(inherited)",
				);
				GCC_WARN_64_TO_32_BIT_CONVERSION = YES;
				GCC_WARN_ABOUT_RETURN_TYPE = YES_ERROR;
				GCC_WARN_UNDECLARED_SELECTOR = YES;
				GCC_WARN_UNINITIALIZED_AUTOS = YES_AGGRESSIVE;
				GCC_WARN_UNUSED_FUNCTION = YES;
				GCC_WARN_UNUSED_VARIABLE = YES;
				IPHONEOS_DEPLOYMENT_TARGET = 16.1;
				MTL_ENABLE_DEBUG_INFO = INCLUDE_SOURCE;
				MTL_FAST_MATH = YES;
				ONLY_ACTIVE_ARCH = YES;
				SDKROOT = iphoneos;
				SWIFT_ACTIVE_COMPILATION_CONDITIONS = DEBUG;
				SWIFT_OPTIMIZATION_LEVEL = "-Onone";
			};
			name = Debug;
		};
		04A5C2F52940C4020045664D /* Release */ = {
			isa = XCBuildConfiguration;
			buildSettings = {
				ALWAYS_SEARCH_USER_PATHS = NO;
				CLANG_ANALYZER_NONNULL = YES;
				CLANG_ANALYZER_NUMBER_OBJECT_CONVERSION = YES_AGGRESSIVE;
				CLANG_CXX_LANGUAGE_STANDARD = "gnu++20";
				CLANG_ENABLE_MODULES = YES;
				CLANG_ENABLE_OBJC_ARC = YES;
				CLANG_ENABLE_OBJC_WEAK = YES;
				CLANG_WARN_BLOCK_CAPTURE_AUTORELEASING = YES;
				CLANG_WARN_BOOL_CONVERSION = YES;
				CLANG_WARN_COMMA = YES;
				CLANG_WARN_CONSTANT_CONVERSION = YES;
				CLANG_WARN_DEPRECATED_OBJC_IMPLEMENTATIONS = YES;
				CLANG_WARN_DIRECT_OBJC_ISA_USAGE = YES_ERROR;
				CLANG_WARN_DOCUMENTATION_COMMENTS = YES;
				CLANG_WARN_EMPTY_BODY = YES;
				CLANG_WARN_ENUM_CONVERSION = YES;
				CLANG_WARN_INFINITE_RECURSION = YES;
				CLANG_WARN_INT_CONVERSION = YES;
				CLANG_WARN_NON_LITERAL_NULL_CONVERSION = YES;
				CLANG_WARN_OBJC_IMPLICIT_RETAIN_SELF = YES;
				CLANG_WARN_OBJC_LITERAL_CONVERSION = YES;
				CLANG_WARN_OBJC_ROOT_CLASS = YES_ERROR;
				CLANG_WARN_QUOTED_INCLUDE_IN_FRAMEWORK_HEADER = YES;
				CLANG_WARN_RANGE_LOOP_ANALYSIS = YES;
				CLANG_WARN_STRICT_PROTOTYPES = YES;
				CLANG_WARN_SUSPICIOUS_MOVE = YES;
				CLANG_WARN_UNGUARDED_AVAILABILITY = YES_AGGRESSIVE;
				CLANG_WARN_UNREACHABLE_CODE = YES;
				CLANG_WARN__DUPLICATE_METHOD_MATCH = YES;
				COPY_PHASE_STRIP = NO;
				DEBUG_INFORMATION_FORMAT = "dwarf-with-dsym";
				ENABLE_NS_ASSERTIONS = NO;
				ENABLE_STRICT_OBJC_MSGSEND = YES;
				GCC_C_LANGUAGE_STANDARD = gnu11;
				GCC_NO_COMMON_BLOCKS = YES;
				GCC_WARN_64_TO_32_BIT_CONVERSION = YES;
				GCC_WARN_ABOUT_RETURN_TYPE = YES_ERROR;
				GCC_WARN_UNDECLARED_SELECTOR = YES;
				GCC_WARN_UNINITIALIZED_AUTOS = YES_AGGRESSIVE;
				GCC_WARN_UNUSED_FUNCTION = YES;
				GCC_WARN_UNUSED_VARIABLE = YES;
				IPHONEOS_DEPLOYMENT_TARGET = 16.1;
				MTL_ENABLE_DEBUG_INFO = NO;
				MTL_FAST_MATH = YES;
				SDKROOT = iphoneos;
				SWIFT_COMPILATION_MODE = wholemodule;
				SWIFT_OPTIMIZATION_LEVEL = "-O";
				VALIDATE_PRODUCT = YES;
			};
			name = Release;
		};
		04A5C2F72940C4020045664D /* Debug */ = {
			isa = XCBuildConfiguration;
			buildSettings = {
				ASSETCATALOG_COMPILER_APPICON_NAME = AppIcon;
				ASSETCATALOG_COMPILER_GLOBAL_ACCENT_COLOR_NAME = AccentColor;
				CODE_SIGN_STYLE = Automatic;
				CURRENT_PROJECT_VERSION = 1;
				DEVELOPMENT_TEAM = 6ZPB2R3KP8;
				GENERATE_INFOPLIST_FILE = YES;
				INFOPLIST_FILE = Movr/Info.plist;
				INFOPLIST_KEY_CFBundleDisplayName = Movr;
				INFOPLIST_KEY_LSApplicationCategoryType = "public.app-category.travel";
				INFOPLIST_KEY_UIApplicationSupportsIndirectInputEvents = YES;
				INFOPLIST_KEY_UILaunchStoryboardName = LaunchScreen;
				INFOPLIST_KEY_UISupportedInterfaceOrientations = UIInterfaceOrientationPortrait;
				INFOPLIST_KEY_UISupportedInterfaceOrientations_iPad = "UIInterfaceOrientationLandscapeLeft UIInterfaceOrientationLandscapeRight UIInterfaceOrientationPortrait UIInterfaceOrientationPortraitUpsideDown";
				LD_RUNPATH_SEARCH_PATHS = (
					"$(inherited)",
					"@executable_path/Frameworks",
				);
				MARKETING_VERSION = 1.0;
				PRODUCT_BUNDLE_IDENTIFIER = com.waheedcodes.Movr;
				PRODUCT_NAME = "$(TARGET_NAME)";
				SWIFT_EMIT_LOC_STRINGS = YES;
				SWIFT_VERSION = 5.0;
				TARGETED_DEVICE_FAMILY = "1,2";
			};
			name = Debug;
		};
		04A5C2F82940C4020045664D /* Release */ = {
			isa = XCBuildConfiguration;
			buildSettings = {
				ASSETCATALOG_COMPILER_APPICON_NAME = AppIcon;
				ASSETCATALOG_COMPILER_GLOBAL_ACCENT_COLOR_NAME = AccentColor;
				CODE_SIGN_STYLE = Automatic;
				CURRENT_PROJECT_VERSION = 1;
				DEVELOPMENT_TEAM = 6ZPB2R3KP8;
				GENERATE_INFOPLIST_FILE = YES;
				INFOPLIST_FILE = Movr/Info.plist;
				INFOPLIST_KEY_CFBundleDisplayName = Movr;
				INFOPLIST_KEY_LSApplicationCategoryType = "public.app-category.travel";
				INFOPLIST_KEY_UIApplicationSupportsIndirectInputEvents = YES;
				INFOPLIST_KEY_UILaunchStoryboardName = LaunchScreen;
				INFOPLIST_KEY_UISupportedInterfaceOrientations = UIInterfaceOrientationPortrait;
				INFOPLIST_KEY_UISupportedInterfaceOrientations_iPad = "UIInterfaceOrientationLandscapeLeft UIInterfaceOrientationLandscapeRight UIInterfaceOrientationPortrait UIInterfaceOrientationPortraitUpsideDown";
				LD_RUNPATH_SEARCH_PATHS = (
					"$(inherited)",
					"@executable_path/Frameworks",
				);
				MARKETING_VERSION = 1.0;
				PRODUCT_BUNDLE_IDENTIFIER = com.waheedcodes.Movr;
				PRODUCT_NAME = "$(TARGET_NAME)";
				SWIFT_EMIT_LOC_STRINGS = YES;
				SWIFT_VERSION = 5.0;
				TARGETED_DEVICE_FAMILY = "1,2";
			};
			name = Release;
		};
/* End XCBuildConfiguration section */

/* Begin XCConfigurationList section */
		04A5C2DD2940C3FF0045664D /* Build configuration list for PBXProject "Movr" */ = {
			isa = XCConfigurationList;
			buildConfigurations = (
				04A5C2F42940C4020045664D /* Debug */,
				04A5C2F52940C4020045664D /* Release */,
			);
			defaultConfigurationIsVisible = 0;
			defaultConfigurationName = Release;
		};
		04A5C2F62940C4020045664D /* Build configuration list for PBXNativeTarget "Movr" */ = {
			isa = XCConfigurationList;
			buildConfigurations = (
				04A5C2F72940C4020045664D /* Debug */,
				04A5C2F82940C4020045664D /* Release */,
			);
			defaultConfigurationIsVisible = 0;
			defaultConfigurationName = Release;
		};
/* End XCConfigurationList section */
	};
	rootObject = 04A5C2DA2940C3FF0045664D /* Project object */;
}
